
Microsoft Visual Studio Solution File, Format Version 12.00
# Visual Studio Version 17
VisualStudioVersion = 17.4.33213.308
MinimumVisualStudioVersion = 10.0.40219.1
Project("{FAE04EC0-301F-11D3-BF4B-00C04F79EFBC}") = "Proiect3", "Proiect3\Proiect3.csproj", "{8C71320E-6308-404C-BED9-F25F0B663756}"
EndProject
Project("{FAE04EC0-301F-11D3-BF4B-00C04F79EFBC}") = "Languages2", "Languages2\Languages2.csproj", "{ACD4B50B-0340-4CD4-A5A5-6BAA1D717E2D}"
EndProject
Global
	GlobalSection(SolutionConfigurationPlatforms) = preSolution
		Debug|Any CPU = Debug|Any CPU
		Release|Any CPU = Release|Any CPU
	EndGlobalSection
	GlobalSection(ProjectConfigurationPlatforms) = postSolution
		{8C71320E-6308-404C-BED9-F25F0B663756}.Debug|Any CPU.ActiveCfg = Debug|Any CPU
		{8C71320E-6308-404C-BED9-F25F0B663756}.Debug|Any CPU.Build.0 = Debug|Any CPU
		{8C71320E-6308-404C-BED9-F25F0B663756}.Release|Any CPU.ActiveCfg = Release|Any CPU
		{8C71320E-6308-404C-BED9-F25F0B663756}.Release|Any CPU.Build.0 = Release|Any CPU
		{ACD4B50B-0340-4CD4-A5A5-6BAA1D717E2D}.Debug|Any CPU.ActiveCfg = Debug|Any CPU
		{ACD4B50B-0340-4CD4-A5A5-6BAA1D717E2D}.Debug|Any CPU.Build.0 = Debug|Any CPU
		{ACD4B50B-0340-4CD4-A5A5-6BAA1D717E2D}.Release|Any CPU.ActiveCfg = Release|Any CPU
		{ACD4B50B-0340-4CD4-A5A5-6BAA1D717E2D}.Release|Any CPU.Build.0 = Release|Any CPU
	EndGlobalSection
	GlobalSection(SolutionProperties) = preSolution
		HideSolutionNode = FALSE
	EndGlobalSection
	GlobalSection(ExtensibilityGlobals) = postSolution
		SolutionGuid = {4BABD3C5-4850-4A56-A56F-A3EF4C3742E4}
	EndGlobalSection
EndGlobal
